// !$*UTF8*$!
{
	archiveVersion = 1;
	classes = {
	};
	objectVersion = 77;
	objects = {

/* Begin PBXBuildFile section */
		1FD921442F223F9700E334F4 /* Core in Frameworks */ = {isa = PBXBuildFile; productRef = 1FD921432F223F9700E334F4 /* Core */; };
		1FD921462F223F9700E334F4 /* Data in Frameworks */ = {isa = PBXBuildFile; productRef = 1FD921452F223F9700E334F4 /* Data */; };
		1FD921482F223F9700E334F4 /* Domain in Frameworks */ = {isa = PBXBuildFile; productRef = 1FD921472F223F9700E334F4 /* Domain */; };
		1FD9214A2F223F9700E334F4 /* FeatureHome in Frameworks */ = {isa = PBXBuildFile; productRef = 1FD921492F223F9700E334F4 /* FeatureHome */; };
		1FD9214C2F223F9700E334F4 /* Infrastructure in Frameworks */ = {isa = PBXBuildFile; productRef = 1FD9214B2F223F9700E334F4 /* Infrastructure */; };
/* End PBXBuildFile section */

/* Begin PBXFileReference section */
		1F47D7962F1744C400241B8C /* RickAndMortyHybrid.app */ = {isa = PBXFileReference; explicitFileType = wrapper.application; includeInIndex = 0; path = RickAndMortyHybrid.app; sourceTree = BUILT_PRODUCTS_DIR; };
		1F47D7AE2F17484D00241B8C /* Infrastructure */ = {isa = PBXFileReference; lastKnownFileType = wrapper; name = Infrastructure; path = Packages/Infrastructure; sourceTree = "<group>"; };
		1F47D7AF2F1765D300241B8C /* Core */ = {isa = PBXFileReference; lastKnownFileType = wrapper; name = Core; path = Packages/Core; sourceTree = "<group>"; };
		1F47D7B02F176AAB00241B8C /* Data */ = {isa = PBXFileReference; lastKnownFileType = wrapper; name = Data; path = Packages/Data; sourceTree = "<group>"; };
		1F47D7B22F176BB700241B8C /* Domain */ = {isa = PBXFileReference; lastKnownFileType = wrapper; name = Domain; path = Packages/Domain; sourceTree = "<group>"; };
		1FD921412F223B7C00E334F4 /* FeatureHome */ = {isa = PBXFileReference; lastKnownFileType = wrapper; name = FeatureHome; path = Packages/FeatureHome; sourceTree = "<group>"; };
/* End PBXFileReference section */

/* Begin PBXFileSystemSynchronizedBuildFileExceptionSet section */
		1F47D7A82F1744C500241B8C /* Exceptions for "RickAndMortyHybrid" folder in "RickAndMortyHybrid" target */ = {
			isa = PBXFileSystemSynchronizedBuildFileExceptionSet;
			membershipExceptions = (
				Info.plist,
			);
			target = 1F47D7952F1744C400241B8C /* RickAndMortyHybrid */;
		};
/* End PBXFileSystemSynchronizedBuildFileExceptionSet section */

/* Begin PBXFileSystemSynchronizedRootGroup section */
		1F47D7982F1744C400241B8C /* RickAndMortyHybrid */ = {
			isa = PBXFileSystemSynchronizedRootGroup;
			exceptions = (
				1F47D7A82F1744C500241B8C /* Exceptions for "RickAndMortyHybrid" folder in "RickAndMortyHybrid" target */,
			);
			path = RickAndMortyHybrid;
			sourceTree = "<group>";
		};
/* End PBXFileSystemSynchronizedRootGroup section */

/* Begin PBXFrameworksBuildPhase section */
		1F47D7932F1744C400241B8C /* Frameworks */ = {
			isa = PBXFrameworksBuildPhase;
			buildActionMask = 2147483647;
			files = (
				1FD9214C2F223F9700E334F4 /* Infrastructure in Frameworks */,
				1FD9214A2F223F9700E334F4 /* FeatureHome in Frameworks */,
				1FD921482F223F9700E334F4 /* Domain in Frameworks */,
				1FD921462F223F9700E334F4 /* Data in Frameworks */,
				1FD921442F223F9700E334F4 /* Core in Frameworks */,
			);
			runOnlyForDeploymentPostprocessing = 0;
		};
/* End PBXFrameworksBuildPhase section */

/* Begin PBXGroup section */
		1F47D78D2F1744C400241B8C = {
			isa = PBXGroup;
			children = (
				1FD921412F223B7C00E334F4 /* FeatureHome */,
				1F47D7B22F176BB700241B8C /* Domain */,
				1F47D7B02F176AAB00241B8C /* Data */,
				1F47D7AF2F1765D300241B8C /* Core */,
				1F47D7AE2F17484D00241B8C /* Infrastructure */,
				1F47D7982F1744C400241B8C /* RickAndMortyHybrid */,
				1FD921422F223F9700E334F4 /* Frameworks */,
				1F47D7972F1744C400241B8C /* Products */,
			);
			sourceTree = "<group>";
		};
		1F47D7972F1744C400241B8C /* Products */ = {
			isa = PBXGroup;
			children = (
				1F47D7962F1744C400241B8C /* RickAndMortyHybrid.app */,
			);
			name = Products;
			sourceTree = "<group>";
		};
		1FD921422F223F9700E334F4 /* Frameworks */ = {
			isa = PBXGroup;
			children = (
			);
			name = Frameworks;
			sourceTree = "<group>";
		};
/* End PBXGroup section */

/* Begin PBXNativeTarget section */
		1F47D7952F1744C400241B8C /* RickAndMortyHybrid */ = {
			isa = PBXNativeTarget;
			buildConfigurationList = 1F47D7A92F1744C500241B8C /* Build configuration list for PBXNativeTarget "RickAndMortyHybrid" */;
			buildPhases = (
				1F47D7922F1744C400241B8C /* Sources */,
				1F47D7932F1744C400241B8C /* Frameworks */,
				1F47D7942F1744C400241B8C /* Resources */,
			);
			buildRules = (
			);
			dependencies = (
			);
			fileSystemSynchronizedGroups = (
				1F47D7982F1744C400241B8C /* RickAndMortyHybrid */,
			);
			name = RickAndMortyHybrid;
			packageProductDependencies = (
				1FD921432F223F9700E334F4 /* Core */,
				1FD921452F223F9700E334F4 /* Data */,
				1FD921472F223F9700E334F4 /* Domain */,
				1FD921492F223F9700E334F4 /* FeatureHome */,
				1FD9214B2F223F9700E334F4 /* Infrastructure */,
			);
			productName = RickAndMortyHybrid;
			productReference = 1F47D7962F1744C400241B8C /* RickAndMortyHybrid.app */;
			productType = "com.apple.product-type.application";
		};
/* End PBXNativeTarget section */

/* Begin PBXProject section */
		1F47D78E2F1744C400241B8C /* Project object */ = {
			isa = PBXProject;
			attributes = {
				BuildIndependentTargetsInParallel = 1;
				LastSwiftUpdateCheck = 1640;
				LastUpgradeCheck = 1640;
				TargetAttributes = {
					1F47D7952F1744C400241B8C = {
						CreatedOnToolsVersion = 16.4;
					};
				};
			};
			buildConfigurationList = 1F47D7912F1744C400241B8C /* Build configuration list for PBXProject "RickAndMortyHybrid" */;
			developmentRegion = en;
			hasScannedForEncodings = 0;
			knownRegions = (
				en,
				Base,
			);
			mainGroup = 1F47D78D2F1744C400241B8C;
			minimizedProjectReferenceProxies = 1;
			preferredProjectObjectVersion = 77;
			productRefGroup = 1F47D7972F1744C400241B8C /* Products */;
			projectDirPath = "";
			projectRoot = "";
			targets = (
				1F47D7952F1744C400241B8C /* RickAndMortyHybrid */,
			);
		};
/* End PBXProject section */

/* Begin PBXResourcesBuildPhase section */
		1F47D7942F1744C400241B8C /* Resources */ = {
			isa = PBXResourcesBuildPhase;
			buildActionMask = 2147483647;
			files = (
			);
			runOnlyForDeploymentPostprocessing = 0;
		};
/* End PBXResourcesBuildPhase section */

/* Begin PBXSourcesBuildPhase section */
		1F47D7922F1744C400241B8C /* Sources */ = {
			isa = PBXSourcesBuildPhase;
			buildActionMask = 2147483647;
			files = (
			);
			runOnlyForDeploymentPostprocessing = 0;
		};
/* End PBXSourcesBuildPhase section */

/* Begin XCBuildConfiguration section */
		1F47D7AA2F1744C500241B8C /* Debug */ = {
			isa = XCBuildConfiguration;
			buildSettings = {
				ASSETCATALOG_COMPILER_APPICON_NAME = AppIcon;
				ASSETCATALOG_COMPILER_GLOBAL_ACCENT_COLOR_NAME = AccentColor;
				CODE_SIGN_STYLE = Automatic;
				CURRENT_PROJECT_VERSION = 1;
				DEVELOPMENT_TEAM = GFWJUABSS9;
				GENERATE_INFOPLIST_FILE = YES;
				INFOPLIST_FILE = RickAndMortyHybrid/Info.plist;
				INFOPLIST_KEY_UIApplicationSupportsIndirectInputEvents = YES;
				INFOPLIST_KEY_UILaunchStoryboardName = LaunchScreen;
				INFOPLIST_KEY_UIMainStoryboardFile = "";
				INFOPLIST_KEY_UISupportedInterfaceOrientations_iPad = "UIInterfaceOrientationPortrait UIInterfaceOrientationPortraitUpsideDown UIInterfaceOrientationLandscapeLeft UIInterfaceOrientationLandscapeRight";
				INFOPLIST_KEY_UISupportedInterfaceOrientations_iPhone = "UIInterfaceOrientationPortrait UIInterfaceOrientationLandscapeLeft UIInterfaceOrientationLandscapeRight";
				IPHONEOS_DEPLOYMENT_TARGET = 15;
				LD_RUNPATH_SEARCH_PATHS = (
					"$(inherited)",
					"@executable_path/Frameworks",
				);
				MARKETING_VERSION = 1.0;
				PRODUCT_BUNDLE_IDENTIFIER = com.ugurhmz.RickAndMortyHybrid;
				PRODUCT_NAME = "$(TARGET_NAME)";
				SWIFT_EMIT_LOC_STRINGS = YES;
				SWIFT_VERSION = 5.0;
				TARGETED_DEVICE_FAMILY = "1,2";
			};
			name = Debug;
		};
		1F47D7AB2F1744C500241B8C /* Release */ = {
			isa = XCBuildConfiguration;
			buildSettings = {
				ASSETCATALOG_COMPILER_APPICON_NAME = AppIcon;
				ASSETCATALOG_COMPILER_GLOBAL_ACCENT_COLOR_NAME = AccentColor;
				CODE_SIGN_STYLE = Automatic;
				CURRENT_PROJECT_VERSION = 1;
				DEVELOPMENT_TEAM = GFWJUABSS9;
				GENERATE_INFOPLIST_FILE = YES;
				INFOPLIST_FILE = RickAndMortyHybrid/Info.plist;
				INFOPLIST_KEY_UIApplicationSupportsIndirectInputEvents = YES;
				INFOPLIST_KEY_UILaunchStoryboardName = LaunchScreen;
				INFOPLIST_KEY_UIMainStoryboardFile = "";
				INFOPLIST_KEY_UISupportedInterfaceOrientations_iPad = "UIInterfaceOrientationPortrait UIInterfaceOrientationPortraitUpsideDown UIInterfaceOrientationLandscapeLeft UIInterfaceOrientationLandscapeRight";
				INFOPLIST_KEY_UISupportedInterfaceOrientations_iPhone = "UIInterfaceOrientationPortrait UIInterfaceOrientationLandscapeLeft UIInterfaceOrientationLandscapeRight";
				IPHONEOS_DEPLOYMENT_TARGET = 15;
				LD_RUNPATH_SEARCH_PATHS = (
					"$(inherited)",
					"@executable_path/Frameworks",
				);
				MARKETING_VERSION = 1.0;
				PRODUCT_BUNDLE_IDENTIFIER = com.ugurhmz.RickAndMortyHybrid;
				PRODUCT_NAME = "$(TARGET_NAME)";
				SWIFT_EMIT_LOC_STRINGS = YES;
				SWIFT_VERSION = 5.0;
				TARGETED_DEVICE_FAMILY = "1,2";
			};
			name = Release;
		};
		1F47D7AC2F1744C500241B8C /* Debug */ = {
			isa = XCBuildConfiguration;
			buildSettings = {
				ALWAYS_SEARCH_USER_PATHS = NO;
				ASSETCATALOG_COMPILER_GENERATE_SWIFT_ASSET_SYMBOL_EXTENSIONS = YES;
				CLANG_ANALYZER_NONNULL = YES;
				CLANG_ANALYZER_NUMBER_OBJECT_CONVERSION = YES_AGGRESSIVE;
				CLANG_CXX_LANGUAGE_STANDARD = "gnu++20";
				CLANG_ENABLE_MODULES = YES;
				CLANG_ENABLE_OBJC_ARC = YES;
				CLANG_ENABLE_OBJC_WEAK = YES;
				CLANG_WARN_BLOCK_CAPTURE_AUTORELEASING = YES;
				CLANG_WARN_BOOL_CONVERSION = YES;
				CLANG_WARN_COMMA = YES;
				CLANG_WARN_CONSTANT_CONVERSION = YES;
				CLANG_WARN_DEPRECATED_OBJC_IMPLEMENTATIONS = YES;
				CLANG_WARN_DIRECT_OBJC_ISA_USAGE = YES_ERROR;
				CLANG_WARN_DOCUMENTATION_COMMENTS = YES;
				CLANG_WARN_EMPTY_BODY = YES;
				CLANG_WARN_ENUM_CONVERSION = YES;
				CLANG_WARN_INFINITE_RECURSION = YES;
				CLANG_WARN_INT_CONVERSION = YES;
				CLANG_WARN_NON_LITERAL_NULL_CONVERSION = YES;
				CLANG_WARN_OBJC_IMPLICIT_RETAIN_SELF = YES;
				CLANG_WARN_OBJC_LITERAL_CONVERSION = YES;
				CLANG_WARN_OBJC_ROOT_CLASS = YES_ERROR;
				CLANG_WARN_QUOTED_INCLUDE_IN_FRAMEWORK_HEADER = YES;
				CLANG_WARN_RANGE_LOOP_ANALYSIS = YES;
				CLANG_WARN_STRICT_PROTOTYPES = YES;
				CLANG_WARN_SUSPICIOUS_MOVE = YES;
				CLANG_WARN_UNGUARDED_AVAILABILITY = YES_AGGRESSIVE;
				CLANG_WARN_UNREACHABLE_CODE = YES;
				CLANG_WARN__DUPLICATE_METHOD_MATCH = YES;
				COPY_PHASE_STRIP = NO;
				DEBUG_INFORMATION_FORMAT = dwarf;
				DEVELOPMENT_TEAM = GFWJUABSS9;
				ENABLE_STRICT_OBJC_MSGSEND = YES;
				ENABLE_TESTABILITY = YES;
				ENABLE_USER_SCRIPT_SANDBOXING = YES;
				GCC_C_LANGUAGE_STANDARD = gnu17;
				GCC_DYNAMIC_NO_PIC = NO;
				GCC_NO_COMMON_BLOCKS = YES;
				GCC_OPTIMIZATION_LEVEL = 0;
				GCC_PREPROCESSOR_DEFINITIONS = (
					"DEBUG=1",
					"$(inherited)",
				);
				GCC_WARN_64_TO_32_BIT_CONVERSION = YES;
				GCC_WARN_ABOUT_RETURN_TYPE = YES_ERROR;
				GCC_WARN_UNDECLARED_SELECTOR = YES;
				GCC_WARN_UNINITIALIZED_AUTOS = YES_AGGRESSIVE;
				GCC_WARN_UNUSED_FUNCTION = YES;
				GCC_WARN_UNUSED_VARIABLE = YES;
				IPHONEOS_DEPLOYMENT_TARGET = 18.5;
				LOCALIZATION_PREFERS_STRING_CATALOGS = YES;
				MTL_ENABLE_DEBUG_INFO = INCLUDE_SOURCE;
				MTL_FAST_MATH = YES;
				ONLY_ACTIVE_ARCH = YES;
				SDKROOT = iphoneos;
				SWIFT_ACTIVE_COMPILATION_CONDITIONS = "DEBUG $(inherited)";
				SWIFT_OPTIMIZATION_LEVEL = "-Onone";
			};
			name = Debug;
		};
		1F47D7AD2F1744C500241B8C /* Release */ = {
			isa = XCBuildConfiguration;
			buildSettings = {
				ALWAYS_SEARCH_USER_PATHS = NO;
				ASSETCATALOG_COMPILER_GENERATE_SWIFT_ASSET_SYMBOL_EXTENSIONS = YES;
				CLANG_ANALYZER_NONNULL = YES;
				CLANG_ANALYZER_NUMBER_OBJECT_CONVERSION = YES_AGGRESSIVE;
				CLANG_CXX_LANGUAGE_STANDARD = "gnu++20";
				CLANG_ENABLE_MODULES = YES;
				CLANG_ENABLE_OBJC_ARC = YES;
				CLANG_ENABLE_OBJC_WEAK = YES;
				CLANG_WARN_BLOCK_CAPTURE_AUTORELEASING = YES;
				CLANG_WARN_BOOL_CONVERSION = YES;
				CLANG_WARN_COMMA = YES;
				CLANG_WARN_CONSTANT_CONVERSION = YES;
				CLANG_WARN_DEPRECATED_OBJC_IMPLEMENTATIONS = YES;
				CLANG_WARN_DIRECT_OBJC_ISA_USAGE = YES_ERROR;
				CLANG_WARN_DOCUMENTATION_COMMENTS = YES;
				CLANG_WARN_EMPTY_BODY = YES;
				CLANG_WARN_ENUM_CONVERSION = YES;
				CLANG_WARN_INFINITE_RECURSION = YES;
				CLANG_WARN_INT_CONVERSION = YES;
				CLANG_WARN_NON_LITERAL_NULL_CONVERSION = YES;
				CLANG_WARN_OBJC_IMPLICIT_RETAIN_SELF = YES;
				CLANG_WARN_OBJC_LITERAL_CONVERSION = YES;
				CLANG_WARN_OBJC_ROOT_CLASS = YES_ERROR;
				CLANG_WARN_QUOTED_INCLUDE_IN_FRAMEWORK_HEADER = YES;
				CLANG_WARN_RANGE_LOOP_ANALYSIS = YES;
				CLANG_WARN_STRICT_PROTOTYPES = YES;
				CLANG_WARN_SUSPICIOUS_MOVE = YES;
				CLANG_WARN_UNGUARDED_AVAILABILITY = YES_AGGRESSIVE;
				CLANG_WARN_UNREACHABLE_CODE = YES;
				CLANG_WARN__DUPLICATE_METHOD_MATCH = YES;
				COPY_PHASE_STRIP = NO;
				DEBUG_INFORMATION_FORMAT = "dwarf-with-dsym";
				DEVELOPMENT_TEAM = GFWJUABSS9;
				ENABLE_NS_ASSERTIONS = NO;
				ENABLE_STRICT_OBJC_MSGSEND = YES;
				ENABLE_USER_SCRIPT_SANDBOXING = YES;
				GCC_C_LANGUAGE_STANDARD = gnu17;
				GCC_NO_COMMON_BLOCKS = YES;
				GCC_WARN_64_TO_32_BIT_CONVERSION = YES;
				GCC_WARN_ABOUT_RETURN_TYPE = YES_ERROR;
				GCC_WARN_UNDECLARED_SELECTOR = YES;
				GCC_WARN_UNINITIALIZED_AUTOS = YES_AGGRESSIVE;
				GCC_WARN_UNUSED_FUNCTION = YES;
				GCC_WARN_UNUSED_VARIABLE = YES;
				IPHONEOS_DEPLOYMENT_TARGET = 18.5;
				LOCALIZATION_PREFERS_STRING_CATALOGS = YES;
				MTL_ENABLE_DEBUG_INFO = NO;
				MTL_FAST_MATH = YES;
				SDKROOT = iphoneos;
				SWIFT_COMPILATION_MODE = wholemodule;
				VALIDATE_PRODUCT = YES;
			};
			name = Release;
		};
/* End XCBuildConfiguration section */

/* Begin XCConfigurationList section */
		1F47D7912F1744C400241B8C /* Build configuration list for PBXProject "RickAndMortyHybrid" */ = {
			isa = XCConfigurationList;
			buildConfigurations = (
				1F47D7AC2F1744C500241B8C /* Debug */,
				1F47D7AD2F1744C500241B8C /* Release */,
			);
			defaultConfigurationIsVisible = 0;
			defaultConfigurationName = Release;
		};
		1F47D7A92F1744C500241B8C /* Build configuration list for PBXNativeTarget "RickAndMortyHybrid" */ = {
			isa = XCConfigurationList;
			buildConfigurations = (
				1F47D7AA2F1744C500241B8C /* Debug */,
				1F47D7AB2F1744C500241B8C /* Release */,
			);
			defaultConfigurationIsVisible = 0;
			defaultConfigurationName = Release;
		};
/* End XCConfigurationList section */

/* Begin XCSwiftPackageProductDependency section */
		1FD921432F223F9700E334F4 /* Core */ = {
			isa = XCSwiftPackageProductDependency;
			productName = Core;
		};
		1FD921452F223F9700E334F4 /* Data */ = {
			isa = XCSwiftPackageProductDependency;
			productName = Data;
		};
		1FD921472F223F9700E334F4 /* Domain */ = {
			isa = XCSwiftPackageProductDependency;
			productName = Domain;
		};
		1FD921492F223F9700E334F4 /* FeatureHome */ = {
			isa = XCSwiftPackageProductDependency;
			productName = FeatureHome;
		};
		1FD9214B2F223F9700E334F4 /* Infrastructure */ = {
			isa = XCSwiftPackageProductDependency;
			productName = Infrastructure;
		};
/* End XCSwiftPackageProductDependency section */
	};
	rootObject = 1F47D78E2F1744C400241B8C /* Project object */;
}
